
Microsoft Visual Studio Solution File, Format Version 12.00
# Visual Studio 15
VisualStudioVersion = 15.0.27004.2006
MinimumVisualStudioVersion = 10.0.40219.1
Project("{FAE04EC0-301F-11D3-BF4B-00C04F79EFBC}") = "ps2.6", "ps2.6\ps2.6.csproj", "{C4BE4B34-C57E-40E2-B14E-F8A4A63D8669}"
EndProject
Global
	GlobalSection(SolutionConfigurationPlatforms) = preSolution
		Debug|Any CPU = Debug|Any CPU
		Release|Any CPU = Release|Any CPU
	EndGlobalSection
	GlobalSection(ProjectConfigurationPlatforms) = postSolution
		{C4BE4B34-C57E-40E2-B14E-F8A4A63D8669}.Debug|Any CPU.ActiveCfg = Debug|Any CPU
		{C4BE4B34-C57E-40E2-B14E-F8A4A63D8669}.Debug|Any CPU.Build.0 = Debug|Any CPU
		{C4BE4B34-C57E-40E2-B14E-F8A4A63D8669}.Release|Any CPU.ActiveCfg = Release|Any CPU
		{C4BE4B34-C57E-40E2-B14E-F8A4A63D8669}.Release|Any CPU.Build.0 = Release|Any CPU
	EndGlobalSection
	GlobalSection(SolutionProperties) = preSolution
		HideSolutionNode = FALSE
	EndGlobalSection
	GlobalSection(ExtensibilityGlobals) = postSolution
		SolutionGuid = {50B8F9D4-DE1F-430D-B27E-F2EE29FD2C2A}
	EndGlobalSection
EndGlobal
